
Microsoft Visual Studio Solution File, Format Version 12.00
# Visual Studio 15
VisualStudioVersion = 15.0.26124.0
MinimumVisualStudioVersion = 15.0.26124.0
Project("{FAE04EC0-301F-11D3-BF4B-00C04F79EFBC}") = "GamesFree.WebAPI", "GamesFree.WebAPI\GamesFree.WebAPI.csproj", "{8F4F2DD0-16A8-4D07-A559-C0D702BDA91B}"
EndProject
Project("{FAE04EC0-301F-11D3-BF4B-00C04F79EFBC}") = "GamesFree.Domain", "GamesFree.Domain\GamesFree.Domain.csproj", "{73A9721F-72AE-4108-9E14-367ABC4DE985}"
EndProject
Project("{FAE04EC0-301F-11D3-BF4B-00C04F79EFBC}") = "GamesFree.Repositoy", "GamesFree.Repositoy\GamesFree.Repositoy.csproj", "{2E60E69F-F991-4D33-9935-C57FCF1958FD}"
EndProject
Global
	GlobalSection(SolutionConfigurationPlatforms) = preSolution
		Debug|Any CPU = Debug|Any CPU
		Debug|x64 = Debug|x64
		Debug|x86 = Debug|x86
		Release|Any CPU = Release|Any CPU
		Release|x64 = Release|x64
		Release|x86 = Release|x86
	EndGlobalSection
	GlobalSection(SolutionProperties) = preSolution
		HideSolutionNode = FALSE
	EndGlobalSection
	GlobalSection(ProjectConfigurationPlatforms) = postSolution
		{8F4F2DD0-16A8-4D07-A559-C0D702BDA91B}.Debug|Any CPU.ActiveCfg = Debug|Any CPU
		{8F4F2DD0-16A8-4D07-A559-C0D702BDA91B}.Debug|Any CPU.Build.0 = Debug|Any CPU
		{8F4F2DD0-16A8-4D07-A559-C0D702BDA91B}.Debug|x64.ActiveCfg = Debug|Any CPU
		{8F4F2DD0-16A8-4D07-A559-C0D702BDA91B}.Debug|x64.Build.0 = Debug|Any CPU
		{8F4F2DD0-16A8-4D07-A559-C0D702BDA91B}.Debug|x86.ActiveCfg = Debug|Any CPU
		{8F4F2DD0-16A8-4D07-A559-C0D702BDA91B}.Debug|x86.Build.0 = Debug|Any CPU
		{8F4F2DD0-16A8-4D07-A559-C0D702BDA91B}.Release|Any CPU.ActiveCfg = Release|Any CPU
		{8F4F2DD0-16A8-4D07-A559-C0D702BDA91B}.Release|Any CPU.Build.0 = Release|Any CPU
		{8F4F2DD0-16A8-4D07-A559-C0D702BDA91B}.Release|x64.ActiveCfg = Release|Any CPU
		{8F4F2DD0-16A8-4D07-A559-C0D702BDA91B}.Release|x64.Build.0 = Release|Any CPU
		{8F4F2DD0-16A8-4D07-A559-C0D702BDA91B}.Release|x86.ActiveCfg = Release|Any CPU
		{8F4F2DD0-16A8-4D07-A559-C0D702BDA91B}.Release|x86.Build.0 = Release|Any CPU
		{73A9721F-72AE-4108-9E14-367ABC4DE985}.Debug|Any CPU.ActiveCfg = Debug|Any CPU
		{73A9721F-72AE-4108-9E14-367ABC4DE985}.Debug|Any CPU.Build.0 = Debug|Any CPU
		{73A9721F-72AE-4108-9E14-367ABC4DE985}.Debug|x64.ActiveCfg = Debug|Any CPU
		{73A9721F-72AE-4108-9E14-367ABC4DE985}.Debug|x64.Build.0 = Debug|Any CPU
		{73A9721F-72AE-4108-9E14-367ABC4DE985}.Debug|x86.ActiveCfg = Debug|Any CPU
		{73A9721F-72AE-4108-9E14-367ABC4DE985}.Debug|x86.Build.0 = Debug|Any CPU
		{73A9721F-72AE-4108-9E14-367ABC4DE985}.Release|Any CPU.ActiveCfg = Release|Any CPU
		{73A9721F-72AE-4108-9E14-367ABC4DE985}.Release|Any CPU.Build.0 = Release|Any CPU
		{73A9721F-72AE-4108-9E14-367ABC4DE985}.Release|x64.ActiveCfg = Release|Any CPU
		{73A9721F-72AE-4108-9E14-367ABC4DE985}.Release|x64.Build.0 = Release|Any CPU
		{73A9721F-72AE-4108-9E14-367ABC4DE985}.Release|x86.ActiveCfg = Release|Any CPU
		{73A9721F-72AE-4108-9E14-367ABC4DE985}.Release|x86.Build.0 = Release|Any CPU
		{2E60E69F-F991-4D33-9935-C57FCF1958FD}.Debug|Any CPU.ActiveCfg = Debug|Any CPU
		{2E60E69F-F991-4D33-9935-C57FCF1958FD}.Debug|Any CPU.Build.0 = Debug|Any CPU
		{2E60E69F-F991-4D33-9935-C57FCF1958FD}.Debug|x64.ActiveCfg = Debug|Any CPU
		{2E60E69F-F991-4D33-9935-C57FCF1958FD}.Debug|x64.Build.0 = Debug|Any CPU
		{2E60E69F-F991-4D33-9935-C57FCF1958FD}.Debug|x86.ActiveCfg = Debug|Any CPU
		{2E60E69F-F991-4D33-9935-C57FCF1958FD}.Debug|x86.Build.0 = Debug|Any CPU
		{2E60E69F-F991-4D33-9935-C57FCF1958FD}.Release|Any CPU.ActiveCfg = Release|Any CPU
		{2E60E69F-F991-4D33-9935-C57FCF1958FD}.Release|Any CPU.Build.0 = Release|Any CPU
		{2E60E69F-F991-4D33-9935-C57FCF1958FD}.Release|x64.ActiveCfg = Release|Any CPU
		{2E60E69F-F991-4D33-9935-C57FCF1958FD}.Release|x64.Build.0 = Release|Any CPU
		{2E60E69F-F991-4D33-9935-C57FCF1958FD}.Release|x86.ActiveCfg = Release|Any CPU
		{2E60E69F-F991-4D33-9935-C57FCF1958FD}.Release|x86.Build.0 = Release|Any CPU
	EndGlobalSection
EndGlobal
